
Microsoft Visual Studio Solution File, Format Version 12.00
# Visual Studio 15
VisualStudioVersion = 15.0.28010.2036
MinimumVisualStudioVersion = 10.0.40219.1
Project("{8BC9CEB8-8B4A-11D0-8D11-00A0C91BC942}") = "Lab3", "Lab3\Lab3.vcxproj", "{2D4E96C7-A705-4CF6-A819-CE8A2CD899AE}"
EndProject
Global
	GlobalSection(SolutionConfigurationPlatforms) = preSolution
		Debug|x64 = Debug|x64
		Debug|x86 = Debug|x86
		Release|x64 = Release|x64
		Release|x86 = Release|x86
	EndGlobalSection
	GlobalSection(ProjectConfigurationPlatforms) = postSolution
		{2D4E96C7-A705-4CF6-A819-CE8A2CD899AE}.Debug|x64.ActiveCfg = Debug|x64
		{2D4E96C7-A705-4CF6-A819-CE8A2CD899AE}.Debug|x64.Build.0 = Debug|x64
		{2D4E96C7-A705-4CF6-A819-CE8A2CD899AE}.Debug|x86.ActiveCfg = Debug|Win32
		{2D4E96C7-A705-4CF6-A819-CE8A2CD899AE}.Debug|x86.Build.0 = Debug|Win32
		{2D4E96C7-A705-4CF6-A819-CE8A2CD899AE}.Release|x64.ActiveCfg = Release|x64
		{2D4E96C7-A705-4CF6-A819-CE8A2CD899AE}.Release|x64.Build.0 = Release|x64
		{2D4E96C7-A705-4CF6-A819-CE8A2CD899AE}.Release|x86.ActiveCfg = Release|Win32
		{2D4E96C7-A705-4CF6-A819-CE8A2CD899AE}.Release|x86.Build.0 = Release|Win32
	EndGlobalSection
	GlobalSection(SolutionProperties) = preSolution
		HideSolutionNode = FALSE
	EndGlobalSection
	GlobalSection(ExtensibilityGlobals) = postSolution
		SolutionGuid = {6ECC1C23-58FE-46A5-8A40-B51489061479}
	EndGlobalSection
EndGlobal
